PODS:
  - Bolts/Tasks (1.9.0)
  - Parse (1.17.1):
    - Parse/Core (= 1.17.1)
  - Parse/Core (1.17.1):
    - Bolts/Tasks (~> 1.9)
  - RxSwift (4.1.2)

DEPENDENCIES:
  - Parse
  - RxSwift

SPEC REPOS:
  https://github.com/cocoapods/specs.git:
    - Bolts
    - Parse
    - RxSwift

SPEC CHECKSUMS:
  Bolts: ac6567323eac61e203f6a9763667d0f711be34c8
  Parse: d3edaf8c7c722cb33cb83ba7821d015ae32d362d
  RxSwift: e49536837d9901277638493ea537394d4b55f570

PODFILE CHECKSUM: 2e7faf6270dbe2a334db8fe953c2a58ce5a54ec1

COCOAPODS: 1.5.3
