PODS:
  - Bolts/Tasks (1.9.1)
  - Charts (3.6.0):
    - Charts/Core (= 3.6.0)
  - Charts/Core (3.6.0)
  - Differentiator (4.0.1)
  - Keys (1.0.1)
  - Parse (1.18.0):
    - Parse/Core (= 1.18.0)
  - Parse/Core (1.18.0):
    - Bolts/Tasks (= 1.9.1)
  - RxBlocking (5.1.1):
    - RxSwift (~> 5)
  - RxCocoa (5.0.0):
    - RxRelay (~> 5)
    - RxSwift (~> 5)
  - RxDataSources (4.0.1):
    - Differentiator (~> 4.0)
    - RxCocoa (~> 5.0)
    - RxSwift (~> 5.0)
  - RxRelay (5.0.0):
    - RxSwift (~> 5)
  - RxSwift (5.0.0)
  - RxSwiftExt (5.2.0):
    - RxSwiftExt/Core (= 5.2.0)
    - RxSwiftExt/RxCocoa (= 5.2.0)
  - RxSwiftExt/Core (5.2.0):
    - RxSwift (~> 5.0)
  - RxSwiftExt/RxCocoa (5.2.0):
    - RxCocoa (~> 5.0)
    - RxSwiftExt/Core
  - RxTest (5.1.1):
    - RxSwift (~> 5)

DEPENDENCIES:
  - Charts
  - Keys (from `Pods/CocoaPodsKeys`)
  - Parse (~> 1)
  - RxBlocking (~> 5)
  - RxCocoa (~> 5)
  - RxDataSources (~> 4.0)
  - RxSwift (~> 5)
  - RxSwiftExt
  - RxTest (~> 5)

SPEC REPOS:
  https://github.com/CocoaPods/Specs.git:
    - RxCocoa
    - RxRelay
    - RxSwift
  trunk:
    - Bolts
    - Charts
    - Differentiator
    - Parse
    - RxBlocking
    - RxDataSources
    - RxSwiftExt
    - RxTest

EXTERNAL SOURCES:
  Keys:
    :path: Pods/CocoaPodsKeys

SPEC CHECKSUMS:
  Bolts: 8c1e8aab2f603387b8b9924f57d1d64f43d3ffdc
  Charts: b1e3a1f5a1c9ba5394438ca3b91bd8c9076310af
  Differentiator: 886080237d9f87f322641dedbc5be257061b0602
  Keys: a576f4c9c1c641ca913a959a9c62ed3f215a8de9
  Parse: 79bdda34fdb7eb2a707a43a951c8aae236cb3e34
  RxBlocking: 5f700a78cad61ce253ebd37c9a39b5ccc76477b4
  RxCocoa: fcf32050ac00d801f34a7f71d5e8e7f23026dcd8
  RxDataSources: efee07fa4de48477eca0a4611e6d11e2da9c1114
  RxRelay: 4f7409406a51a55cd88483f21ed898c234d60f18
  RxSwift: 8b0671caa829a763bbce7271095859121cbd895f
  RxSwiftExt: 4ca80336f43c28f11a2825cdd2fc61dd6c044697
  RxTest: 711632d5644dffbeb62c936a521b5b008a1e1faa

PODFILE CHECKSUM: 279806404cee55fb2e8e9009842612788fc564c8

COCOAPODS: 1.9.3
