// !$*UTF8*$!
{
	archiveVersion = 1;
	classes = {
	};
	objectVersion = 51;
	objects = {

/* Begin PBXBuildFile section */
		24A393E9C97BAE7020EF4CE5 /* Pods_MeuDeputado_MeuDeputadoTests.framework in Frameworks */ = {isa = PBXBuildFile; fileRef = 4C21DBB94654AA45619C6E65 /* Pods_MeuDeputado_MeuDeputadoTests.framework */; };
		52316E0B254B5AC20098514C /* ActivityIndicator.swift in Sources */ = {isa = PBXBuildFile; fileRef = 52316E0A254B5AC20098514C /* ActivityIndicator.swift */; };
		52316E10254C73A20098514C /* MainContentViewController.swift in Sources */ = {isa = PBXBuildFile; fileRef = 52316E0F254C73A20098514C /* MainContentViewController.swift */; };
		52316E12254C73B30098514C /* MainContentViewModel.swift in Sources */ = {isa = PBXBuildFile; fileRef = 52316E11254C73B30098514C /* MainContentViewModel.swift */; };
		52316E19254C84870098514C /* MeuDeputado+ObservableType.swift in Sources */ = {isa = PBXBuildFile; fileRef = 52316E18254C84870098514C /* MeuDeputado+ObservableType.swift */; };
		52316E1B254C9CB70098514C /* MeuDeputado+UIViewController.swift in Sources */ = {isa = PBXBuildFile; fileRef = 52316E1A254C9CB70098514C /* MeuDeputado+UIViewController.swift */; };
		52366115253C95A800BAF427 /* MeuDeputado+UIView.swift in Sources */ = {isa = PBXBuildFile; fileRef = 52366114253C95A800BAF427 /* MeuDeputado+UIView.swift */; };
		5236611E253CABB100BAF427 /* Localizable.strings in Resources */ = {isa = PBXBuildFile; fileRef = 5236611C253CABB100BAF427 /* Localizable.strings */; };
		52366124253CF7F400BAF427 /* LaunchScreen.storyboard in Resources */ = {isa = PBXBuildFile; fileRef = 52366122253CF7F400BAF427 /* LaunchScreen.storyboard */; };
		524EEF342505236C0012CC5E /* main.swift in Sources */ = {isa = PBXBuildFile; fileRef = 524EEF332505236C0012CC5E /* main.swift */; };
		524EEF37250523F70012CC5E /* TestShortcut.swift in Sources */ = {isa = PBXBuildFile; fileRef = 524EEF35250523A00012CC5E /* TestShortcut.swift */; };
		524EEF39250582900012CC5E /* ParseAppDelegateTests.swift in Sources */ = {isa = PBXBuildFile; fileRef = 524EEF38250582900012CC5E /* ParseAppDelegateTests.swift */; };
		525704602520F3FD00FF61A1 /* Coordinatable.swift in Sources */ = {isa = PBXBuildFile; fileRef = 5257045F2520F3FD00FF61A1 /* Coordinatable.swift */; };
		525704632520F47900FF61A1 /* MainCoordinator.swift in Sources */ = {isa = PBXBuildFile; fileRef = 525704622520F47900FF61A1 /* MainCoordinator.swift */; };
		5257046B25210B4E00FF61A1 /* SwitchOptionView.swift in Sources */ = {isa = PBXBuildFile; fileRef = 5257046A25210B4E00FF61A1 /* SwitchOptionView.swift */; };
		525A99652505BB03003AA67C /* AppDelegateTests.swift in Sources */ = {isa = PBXBuildFile; fileRef = 525A99632505BACE003AA67C /* AppDelegateTests.swift */; };
		525A996825065B59003AA67C /* Deputy.swift in Sources */ = {isa = PBXBuildFile; fileRef = 525A996725065B59003AA67C /* Deputy.swift */; };
		525A996A2506CF71003AA67C /* DeputyTests.swift in Sources */ = {isa = PBXBuildFile; fileRef = 525A99692506CF71003AA67C /* DeputyTests.swift */; };
		5266F688254737CD00DE46C1 /* SwitchOptionViewModel.swift in Sources */ = {isa = PBXBuildFile; fileRef = 5266F687254737CD00DE46C1 /* SwitchOptionViewModel.swift */; };
		5266F68A2547B2CD00DE46C1 /* Fetchable.swift in Sources */ = {isa = PBXBuildFile; fileRef = 5266F6892547B2CD00DE46C1 /* Fetchable.swift */; };
		5266F691254843CA00DE46C1 /* Finder.swift in Sources */ = {isa = PBXBuildFile; fileRef = 5266F690254843CA00DE46C1 /* Finder.swift */; };
		5266F6A5254A0D8F00DE46C1 /* Queries.swift in Sources */ = {isa = PBXBuildFile; fileRef = 5266F6A4254A0D8F00DE46C1 /* Queries.swift */; };
		5269BF47252112A200E5119F /* MeuDeputado+Tokens.swift in Sources */ = {isa = PBXBuildFile; fileRef = 5269BF46252112A200E5119F /* MeuDeputado+Tokens.swift */; };
		526A0E3820C340EC002FDC83 /* AppDelegate.swift in Sources */ = {isa = PBXBuildFile; fileRef = 526A0E3720C340EC002FDC83 /* AppDelegate.swift */; };
		526A0E3A20C340EC002FDC83 /* MainContainerViewController.swift in Sources */ = {isa = PBXBuildFile; fileRef = 526A0E3920C340EC002FDC83 /* MainContainerViewController.swift */; };
		526A0E3F20C340EE002FDC83 /* Assets.xcassets in Resources */ = {isa = PBXBuildFile; fileRef = 526A0E3E20C340EE002FDC83 /* Assets.xcassets */; };
		527EBA2D254E462100423A07 /* Endpoints.swift in Sources */ = {isa = PBXBuildFile; fileRef = 527EBA2C254E462100423A07 /* Endpoints.swift */; };
		527EE664233668BD00847061 /* Stylable.swift in Sources */ = {isa = PBXBuildFile; fileRef = 527EE663233668BD00847061 /* Stylable.swift */; };
		52865D10254CA830006BD243 /* Party.swift in Sources */ = {isa = PBXBuildFile; fileRef = 52865D0F254CA830006BD243 /* Party.swift */; };
		52865D12254CACAD006BD243 /* LoaderView.swift in Sources */ = {isa = PBXBuildFile; fileRef = 52865D11254CACAD006BD243 /* LoaderView.swift */; };
		52865D1A254CF90A006BD243 /* ViewsPresentable.swift in Sources */ = {isa = PBXBuildFile; fileRef = 52865D19254CF90A006BD243 /* ViewsPresentable.swift */; };
		52865D1C254CFA7F006BD243 /* ErrorView.swift in Sources */ = {isa = PBXBuildFile; fileRef = 52865D1B254CFA7F006BD243 /* ErrorView.swift */; };
		52865D1E254D15D6006BD243 /* ErrorTracker.swift in Sources */ = {isa = PBXBuildFile; fileRef = 52865D1D254D15D6006BD243 /* ErrorTracker.swift */; };
		52865D21254DA2BE006BD243 /* MainContentView.swift in Sources */ = {isa = PBXBuildFile; fileRef = 52865D20254DA2BE006BD243 /* MainContentView.swift */; };
		52865D23254DB59B006BD243 /* MainContenTableViewCell.swift in Sources */ = {isa = PBXBuildFile; fileRef = 52865D22254DB59B006BD243 /* MainContenTableViewCell.swift */; };
		52865D25254DB5B0006BD243 /* MainContentTableViewCellModel.swift in Sources */ = {isa = PBXBuildFile; fileRef = 52865D24254DB5B0006BD243 /* MainContentTableViewCellModel.swift */; };
		52865D27254DDD39006BD243 /* PartyExpenses.swift in Sources */ = {isa = PBXBuildFile; fileRef = 52865D26254DDD39006BD243 /* PartyExpenses.swift */; };
		52865D29254DDDF9006BD243 /* ExpenseType.swift in Sources */ = {isa = PBXBuildFile; fileRef = 52865D28254DDDF9006BD243 /* ExpenseType.swift */; };
		52865D2B254DF42A006BD243 /* MeuDeputado+UIFont.swift in Sources */ = {isa = PBXBuildFile; fileRef = 52865D2A254DF42A006BD243 /* MeuDeputado+UIFont.swift */; };
		52865D2D254DF453006BD243 /* MeuDeputado+UIColor.swift in Sources */ = {isa = PBXBuildFile; fileRef = 52865D2C254DF453006BD243 /* MeuDeputado+UIColor.swift */; };
		52865D32254E236B006BD243 /* ImageCacheType.swift in Sources */ = {isa = PBXBuildFile; fileRef = 52865D31254E236B006BD243 /* ImageCacheType.swift */; };
		52865D34254E2404006BD243 /* ImageCache.swift in Sources */ = {isa = PBXBuildFile; fileRef = 52865D33254E2404006BD243 /* ImageCache.swift */; };
		52865D37254E27C9006BD243 /* MainCoordinatorTests.swift in Sources */ = {isa = PBXBuildFile; fileRef = 525704642520F4A900FF61A1 /* MainCoordinatorTests.swift */; };
		52865D39254E2F23006BD243 /* ImageFetchable.swift in Sources */ = {isa = PBXBuildFile; fileRef = 52865D38254E2F23006BD243 /* ImageFetchable.swift */; };
		52865D3B254E2F51006BD243 /* ImageRepository.swift in Sources */ = {isa = PBXBuildFile; fileRef = 52865D3A254E2F51006BD243 /* ImageRepository.swift */; };
		52865D3D254E31EC006BD243 /* OperationScheduable.swift in Sources */ = {isa = PBXBuildFile; fileRef = 52865D3C254E31EC006BD243 /* OperationScheduable.swift */; };
		52865D40254E3221006BD243 /* RepositoryOperation.swift in Sources */ = {isa = PBXBuildFile; fileRef = 52865D3F254E3221006BD243 /* RepositoryOperation.swift */; };
		52D2DC3E252BF03D00E51A4F /* MainContainerViewModel.swift in Sources */ = {isa = PBXBuildFile; fileRef = 52D2DC3D252BF03D00E51A4F /* MainContainerViewModel.swift */; };
		52D2DC40252BF09D00E51A4F /* ViewModelType.swift in Sources */ = {isa = PBXBuildFile; fileRef = 52D2DC3F252BF09D00E51A4F /* ViewModelType.swift */; };
		639293E0DFB6E97CA1972B98 /* Pods_MeuDeputado.framework in Frameworks */ = {isa = PBXBuildFile; fileRef = 24363270CB2E70C0334A9CF8 /* Pods_MeuDeputado.framework */; };
/* End PBXBuildFile section */

/* Begin PBXContainerItemProxy section */
		526A0E4920C340EE002FDC83 /* PBXContainerItemProxy */ = {
			isa = PBXContainerItemProxy;
			containerPortal = 526A0E2C20C340EC002FDC83 /* Project object */;
			proxyType = 1;
			remoteGlobalIDString = 526A0E3320C340EC002FDC83;
			remoteInfo = MeuDeputado;
		};
/* End PBXContainerItemProxy section */

/* Begin PBXFileReference section */
		151FD45A5030B5B86993BFF0 /* Pods-MeuDeputado.debug.xcconfig */ = {isa = PBXFileReference; includeInIndex = 1; lastKnownFileType = text.xcconfig; name = "Pods-MeuDeputado.debug.xcconfig"; path = "Pods/Target Support Files/Pods-MeuDeputado/Pods-MeuDeputado.debug.xcconfig"; sourceTree = "<group>"; };
		24363270CB2E70C0334A9CF8 /* Pods_MeuDeputado.framework */ = {isa = PBXFileReference; explicitFileType = wrapper.framework; includeInIndex = 0; path = Pods_MeuDeputado.framework; sourceTree = BUILT_PRODUCTS_DIR; };
		428691E49554BFB27B8C90BB /* Pods-MeuDeputadoTests.debug.xcconfig */ = {isa = PBXFileReference; includeInIndex = 1; lastKnownFileType = text.xcconfig; name = "Pods-MeuDeputadoTests.debug.xcconfig"; path = "Pods/Target Support Files/Pods-MeuDeputadoTests/Pods-MeuDeputadoTests.debug.xcconfig"; sourceTree = "<group>"; };
		4C21DBB94654AA45619C6E65 /* Pods_MeuDeputado_MeuDeputadoTests.framework */ = {isa = PBXFileReference; explicitFileType = wrapper.framework; includeInIndex = 0; path = Pods_MeuDeputado_MeuDeputadoTests.framework; sourceTree = BUILT_PRODUCTS_DIR; };
		52316E0A254B5AC20098514C /* ActivityIndicator.swift */ = {isa = PBXFileReference; lastKnownFileType = sourcecode.swift; path = ActivityIndicator.swift; sourceTree = "<group>"; };
		52316E0F254C73A20098514C /* MainContentViewController.swift */ = {isa = PBXFileReference; lastKnownFileType = sourcecode.swift; path = MainContentViewController.swift; sourceTree = "<group>"; };
		52316E11254C73B30098514C /* MainContentViewModel.swift */ = {isa = PBXFileReference; lastKnownFileType = sourcecode.swift; path = MainContentViewModel.swift; sourceTree = "<group>"; };
		52316E18254C84870098514C /* MeuDeputado+ObservableType.swift */ = {isa = PBXFileReference; lastKnownFileType = sourcecode.swift; path = "MeuDeputado+ObservableType.swift"; sourceTree = "<group>"; };
		52316E1A254C9CB70098514C /* MeuDeputado+UIViewController.swift */ = {isa = PBXFileReference; lastKnownFileType = sourcecode.swift; path = "MeuDeputado+UIViewController.swift"; sourceTree = "<group>"; };
		52366114253C95A800BAF427 /* MeuDeputado+UIView.swift */ = {isa = PBXFileReference; lastKnownFileType = sourcecode.swift; path = "MeuDeputado+UIView.swift"; sourceTree = "<group>"; };
		5236611D253CABB100BAF427 /* Base */ = {isa = PBXFileReference; lastKnownFileType = text.plist.strings; name = Base; path = Base.lproj/Localizable.strings; sourceTree = "<group>"; };
		52366123253CF7F400BAF427 /* Base */ = {isa = PBXFileReference; lastKnownFileType = file.storyboard; name = Base; path = Base.lproj/LaunchScreen.storyboard; sourceTree = "<group>"; };
		524EEF332505236C0012CC5E /* main.swift */ = {isa = PBXFileReference; lastKnownFileType = sourcecode.swift; path = main.swift; sourceTree = "<group>"; };
		524EEF35250523A00012CC5E /* TestShortcut.swift */ = {isa = PBXFileReference; lastKnownFileType = sourcecode.swift; path = TestShortcut.swift; sourceTree = "<group>"; };
		524EEF38250582900012CC5E /* ParseAppDelegateTests.swift */ = {isa = PBXFileReference; fileEncoding = 4; lastKnownFileType = sourcecode.swift; path = ParseAppDelegateTests.swift; sourceTree = "<group>"; };
		5257045F2520F3FD00FF61A1 /* Coordinatable.swift */ = {isa = PBXFileReference; lastKnownFileType = sourcecode.swift; path = Coordinatable.swift; sourceTree = "<group>"; };
		525704622520F47900FF61A1 /* MainCoordinator.swift */ = {isa = PBXFileReference; lastKnownFileType = sourcecode.swift; path = MainCoordinator.swift; sourceTree = "<group>"; };
		525704642520F4A900FF61A1 /* MainCoordinatorTests.swift */ = {isa = PBXFileReference; lastKnownFileType = sourcecode.swift; path = MainCoordinatorTests.swift; sourceTree = "<group>"; };
		5257046A25210B4E00FF61A1 /* SwitchOptionView.swift */ = {isa = PBXFileReference; lastKnownFileType = sourcecode.swift; path = SwitchOptionView.swift; sourceTree = "<group>"; };
		525A99632505BACE003AA67C /* AppDelegateTests.swift */ = {isa = PBXFileReference; lastKnownFileType = sourcecode.swift; path = AppDelegateTests.swift; sourceTree = "<group>"; };
		525A996725065B59003AA67C /* Deputy.swift */ = {isa = PBXFileReference; lastKnownFileType = sourcecode.swift; path = Deputy.swift; sourceTree = "<group>"; };
		525A99692506CF71003AA67C /* DeputyTests.swift */ = {isa = PBXFileReference; lastKnownFileType = sourcecode.swift; path = DeputyTests.swift; sourceTree = "<group>"; };
		5266F687254737CD00DE46C1 /* SwitchOptionViewModel.swift */ = {isa = PBXFileReference; lastKnownFileType = sourcecode.swift; path = SwitchOptionViewModel.swift; sourceTree = "<group>"; };
		5266F6892547B2CD00DE46C1 /* Fetchable.swift */ = {isa = PBXFileReference; lastKnownFileType = sourcecode.swift; path = Fetchable.swift; sourceTree = "<group>"; };
		5266F690254843CA00DE46C1 /* Finder.swift */ = {isa = PBXFileReference; lastKnownFileType = sourcecode.swift; path = Finder.swift; sourceTree = "<group>"; };
		5266F6A4254A0D8F00DE46C1 /* Queries.swift */ = {isa = PBXFileReference; lastKnownFileType = sourcecode.swift; path = Queries.swift; sourceTree = "<group>"; };
		5269BF46252112A200E5119F /* MeuDeputado+Tokens.swift */ = {isa = PBXFileReference; lastKnownFileType = sourcecode.swift; path = "MeuDeputado+Tokens.swift"; sourceTree = "<group>"; };
		526A0E3420C340EC002FDC83 /* MeuDeputado.app */ = {isa = PBXFileReference; explicitFileType = wrapper.application; includeInIndex = 0; path = MeuDeputado.app; sourceTree = BUILT_PRODUCTS_DIR; };
		526A0E3720C340EC002FDC83 /* AppDelegate.swift */ = {isa = PBXFileReference; lastKnownFileType = sourcecode.swift; path = AppDelegate.swift; sourceTree = "<group>"; };
		526A0E3920C340EC002FDC83 /* MainContainerViewController.swift */ = {isa = PBXFileReference; lastKnownFileType = sourcecode.swift; path = MainContainerViewController.swift; sourceTree = "<group>"; };
		526A0E3E20C340EE002FDC83 /* Assets.xcassets */ = {isa = PBXFileReference; lastKnownFileType = folder.assetcatalog; path = Assets.xcassets; sourceTree = "<group>"; };
		526A0E4320C340EE002FDC83 /* Info.plist */ = {isa = PBXFileReference; lastKnownFileType = text.plist.xml; path = Info.plist; sourceTree = "<group>"; };
		526A0E4820C340EE002FDC83 /* MeuDeputadoTests.xctest */ = {isa = PBXFileReference; explicitFileType = wrapper.cfbundle; includeInIndex = 0; path = MeuDeputadoTests.xctest; sourceTree = BUILT_PRODUCTS_DIR; };
		526A0E4E20C340EE002FDC83 /* Info.plist */ = {isa = PBXFileReference; lastKnownFileType = text.plist.xml; path = Info.plist; sourceTree = "<group>"; };
		527EBA2C254E462100423A07 /* Endpoints.swift */ = {isa = PBXFileReference; lastKnownFileType = sourcecode.swift; path = Endpoints.swift; sourceTree = "<group>"; };
		527EE663233668BD00847061 /* Stylable.swift */ = {isa = PBXFileReference; lastKnownFileType = sourcecode.swift; path = Stylable.swift; sourceTree = "<group>"; };
		52865D0F254CA830006BD243 /* Party.swift */ = {isa = PBXFileReference; lastKnownFileType = sourcecode.swift; path = Party.swift; sourceTree = "<group>"; };
		52865D11254CACAD006BD243 /* LoaderView.swift */ = {isa = PBXFileReference; lastKnownFileType = sourcecode.swift; path = LoaderView.swift; sourceTree = "<group>"; };
		52865D19254CF90A006BD243 /* ViewsPresentable.swift */ = {isa = PBXFileReference; lastKnownFileType = sourcecode.swift; path = ViewsPresentable.swift; sourceTree = "<group>"; };
		52865D1B254CFA7F006BD243 /* ErrorView.swift */ = {isa = PBXFileReference; lastKnownFileType = sourcecode.swift; path = ErrorView.swift; sourceTree = "<group>"; };
		52865D1D254D15D6006BD243 /* ErrorTracker.swift */ = {isa = PBXFileReference; lastKnownFileType = sourcecode.swift; path = ErrorTracker.swift; sourceTree = "<group>"; };
		52865D20254DA2BE006BD243 /* MainContentView.swift */ = {isa = PBXFileReference; lastKnownFileType = sourcecode.swift; path = MainContentView.swift; sourceTree = "<group>"; };
		52865D22254DB59B006BD243 /* MainContenTableViewCell.swift */ = {isa = PBXFileReference; lastKnownFileType = sourcecode.swift; path = MainContenTableViewCell.swift; sourceTree = "<group>"; };
		52865D24254DB5B0006BD243 /* MainContentTableViewCellModel.swift */ = {isa = PBXFileReference; lastKnownFileType = sourcecode.swift; path = MainContentTableViewCellModel.swift; sourceTree = "<group>"; };
		52865D26254DDD39006BD243 /* PartyExpenses.swift */ = {isa = PBXFileReference; lastKnownFileType = sourcecode.swift; path = PartyExpenses.swift; sourceTree = "<group>"; };
		52865D28254DDDF9006BD243 /* ExpenseType.swift */ = {isa = PBXFileReference; lastKnownFileType = sourcecode.swift; path = ExpenseType.swift; sourceTree = "<group>"; };
		52865D2A254DF42A006BD243 /* MeuDeputado+UIFont.swift */ = {isa = PBXFileReference; lastKnownFileType = sourcecode.swift; path = "MeuDeputado+UIFont.swift"; sourceTree = "<group>"; };
		52865D2C254DF453006BD243 /* MeuDeputado+UIColor.swift */ = {isa = PBXFileReference; lastKnownFileType = sourcecode.swift; path = "MeuDeputado+UIColor.swift"; sourceTree = "<group>"; };
		52865D31254E236B006BD243 /* ImageCacheType.swift */ = {isa = PBXFileReference; lastKnownFileType = sourcecode.swift; path = ImageCacheType.swift; sourceTree = "<group>"; };
		52865D33254E2404006BD243 /* ImageCache.swift */ = {isa = PBXFileReference; lastKnownFileType = sourcecode.swift; path = ImageCache.swift; sourceTree = "<group>"; };
		52865D38254E2F23006BD243 /* ImageFetchable.swift */ = {isa = PBXFileReference; lastKnownFileType = sourcecode.swift; path = ImageFetchable.swift; sourceTree = "<group>"; };
		52865D3A254E2F51006BD243 /* ImageRepository.swift */ = {isa = PBXFileReference; lastKnownFileType = sourcecode.swift; path = ImageRepository.swift; sourceTree = "<group>"; };
		52865D3C254E31EC006BD243 /* OperationScheduable.swift */ = {isa = PBXFileReference; lastKnownFileType = sourcecode.swift; path = OperationScheduable.swift; sourceTree = "<group>"; };
		52865D3F254E3221006BD243 /* RepositoryOperation.swift */ = {isa = PBXFileReference; lastKnownFileType = sourcecode.swift; path = RepositoryOperation.swift; sourceTree = "<group>"; };
		52D2DC3D252BF03D00E51A4F /* MainContainerViewModel.swift */ = {isa = PBXFileReference; lastKnownFileType = sourcecode.swift; path = MainContainerViewModel.swift; sourceTree = "<group>"; };
		52D2DC3F252BF09D00E51A4F /* ViewModelType.swift */ = {isa = PBXFileReference; lastKnownFileType = sourcecode.swift; path = ViewModelType.swift; sourceTree = "<group>"; };
		7071503535EDAE58E1E8B6FA /* Pods-MeuDeputado.release.xcconfig */ = {isa = PBXFileReference; includeInIndex = 1; lastKnownFileType = text.xcconfig; name = "Pods-MeuDeputado.release.xcconfig"; path = "Pods/Target Support Files/Pods-MeuDeputado/Pods-MeuDeputado.release.xcconfig"; sourceTree = "<group>"; };
		76B25A478D5A6605A7990DE6 /* Pods-MeuDeputado-MeuDeputadoTests.debug.xcconfig */ = {isa = PBXFileReference; includeInIndex = 1; lastKnownFileType = text.xcconfig; name = "Pods-MeuDeputado-MeuDeputadoTests.debug.xcconfig"; path = "Pods/Target Support Files/Pods-MeuDeputado-MeuDeputadoTests/Pods-MeuDeputado-MeuDeputadoTests.debug.xcconfig"; sourceTree = "<group>"; };
		B28A11165A5E8B46F4EA366E /* Pods-MeuDeputado-MeuDeputadoTests.release.xcconfig */ = {isa = PBXFileReference; includeInIndex = 1; lastKnownFileType = text.xcconfig; name = "Pods-MeuDeputado-MeuDeputadoTests.release.xcconfig"; path = "Pods/Target Support Files/Pods-MeuDeputado-MeuDeputadoTests/Pods-MeuDeputado-MeuDeputadoTests.release.xcconfig"; sourceTree = "<group>"; };
		F6A592047ED9EB9DA9C378BE /* Pods-MeuDeputadoTests.release.xcconfig */ = {isa = PBXFileReference; includeInIndex = 1; lastKnownFileType = text.xcconfig; name = "Pods-MeuDeputadoTests.release.xcconfig"; path = "Pods/Target Support Files/Pods-MeuDeputadoTests/Pods-MeuDeputadoTests.release.xcconfig"; sourceTree = "<group>"; };
/* End PBXFileReference section */

/* Begin PBXFrameworksBuildPhase section */
		526A0E3120C340EC002FDC83 /* Frameworks */ = {
			isa = PBXFrameworksBuildPhase;
			buildActionMask = 2147483647;
			files = (
				639293E0DFB6E97CA1972B98 /* Pods_MeuDeputado.framework in Frameworks */,
			);
			runOnlyForDeploymentPostprocessing = 0;
		};
		526A0E4520C340EE002FDC83 /* Frameworks */ = {
			isa = PBXFrameworksBuildPhase;
			buildActionMask = 2147483647;
			files = (
				24A393E9C97BAE7020EF4CE5 /* Pods_MeuDeputado_MeuDeputadoTests.framework in Frameworks */,
			);
			runOnlyForDeploymentPostprocessing = 0;
		};
/* End PBXFrameworksBuildPhase section */

/* Begin PBXGroup section */
		520C5642251AC56400AE37DB /* Protocols */ = {
			isa = PBXGroup;
			children = (
				5257045F2520F3FD00FF61A1 /* Coordinatable.swift */,
				5266F6892547B2CD00DE46C1 /* Fetchable.swift */,
				52865D31254E236B006BD243 /* ImageCacheType.swift */,
				52865D38254E2F23006BD243 /* ImageFetchable.swift */,
				527EE663233668BD00847061 /* Stylable.swift */,
				52D2DC3F252BF09D00E51A4F /* ViewModelType.swift */,
				52865D19254CF90A006BD243 /* ViewsPresentable.swift */,
				52865D3C254E31EC006BD243 /* OperationScheduable.swift */,
			);
			path = Protocols;
			sourceTree = "<group>";
		};
		52316E09254B5A9F0098514C /* Utils */ = {
			isa = PBXGroup;
			children = (
				52316E0A254B5AC20098514C /* ActivityIndicator.swift */,
				52865D1D254D15D6006BD243 /* ErrorTracker.swift */,
				52865D33254E2404006BD243 /* ImageCache.swift */,
				52865D3F254E3221006BD243 /* RepositoryOperation.swift */,
			);
			path = Utils;
			sourceTree = "<group>";
		};
		524EEF3A250589A00012CC5E /* AppDelegate */ = {
			isa = PBXGroup;
			children = (
				524EEF332505236C0012CC5E /* main.swift */,
				526A0E3720C340EC002FDC83 /* AppDelegate.swift */,
				525A99632505BACE003AA67C /* AppDelegateTests.swift */,
				524EEF38250582900012CC5E /* ParseAppDelegateTests.swift */,
				524EEF35250523A00012CC5E /* TestShortcut.swift */,
			);
			path = AppDelegate;
			sourceTree = "<group>";
		};
		5257046C25210B9400FF61A1 /* Views */ = {
			isa = PBXGroup;
			children = (
				52865D1B254CFA7F006BD243 /* ErrorView.swift */,
				52865D11254CACAD006BD243 /* LoaderView.swift */,
				52865D20254DA2BE006BD243 /* MainContentView.swift */,
				52865D22254DB59B006BD243 /* MainContenTableViewCell.swift */,
				5257046A25210B4E00FF61A1 /* SwitchOptionView.swift */,
			);
			path = Views;
			sourceTree = "<group>";
		};
		525A996625065B22003AA67C /* ParseModels */ = {
			isa = PBXGroup;
			children = (
				525A996725065B59003AA67C /* Deputy.swift */,
				525A99692506CF71003AA67C /* DeputyTests.swift */,
				52865D28254DDDF9006BD243 /* ExpenseType.swift */,
				52865D0F254CA830006BD243 /* Party.swift */,
				52865D26254DDD39006BD243 /* PartyExpenses.swift */,
			);
			path = ParseModels;
			sourceTree = "<group>";
		};
		5266F68F254842D700DE46C1 /* Repository */ = {
			isa = PBXGroup;
			children = (
				5266F690254843CA00DE46C1 /* Finder.swift */,
				5266F6A4254A0D8F00DE46C1 /* Queries.swift */,
				52865D3A254E2F51006BD243 /* ImageRepository.swift */,
				527EBA2C254E462100423A07 /* Endpoints.swift */,
			);
			path = Repository;
			sourceTree = "<group>";
		};
		526A0E2B20C340EC002FDC83 = {
			isa = PBXGroup;
			children = (
				526A0E3620C340EC002FDC83 /* MeuDeputado */,
				526A0E4B20C340EE002FDC83 /* MeuDeputadoTests */,
				526A0E3520C340EC002FDC83 /* Products */,
				5B079D3CD22FEFB63758912F /* Pods */,
				6EB8E06EB779C22F63B2AF0A /* Frameworks */,
			);
			sourceTree = "<group>";
		};
		526A0E3520C340EC002FDC83 /* Products */ = {
			isa = PBXGroup;
			children = (
				526A0E3420C340EC002FDC83 /* MeuDeputado.app */,
				526A0E4820C340EE002FDC83 /* MeuDeputadoTests.xctest */,
			);
			name = Products;
			sourceTree = "<group>";
		};
		526A0E3620C340EC002FDC83 /* MeuDeputado */ = {
			isa = PBXGroup;
			children = (
				524EEF3A250589A00012CC5E /* AppDelegate */,
				527EE65E2336646D00847061 /* Extensions */,
				5266F68F254842D700DE46C1 /* Repository */,
				520C5642251AC56400AE37DB /* Protocols */,
				52865D2F254E1CEC006BD243 /* Coordinators */,
				52865D2E254E1CD3006BD243 /* ViewControllers */,
				52D2DC41252BF68300E51A4F /* ViewModels */,
				5257046C25210B9400FF61A1 /* Views */,
				525A996625065B22003AA67C /* ParseModels */,
				52316E09254B5A9F0098514C /* Utils */,
				52A3EB8020C604C100A7F16F /* Resources */,
			);
			path = MeuDeputado;
			sourceTree = "<group>";
		};
		526A0E4B20C340EE002FDC83 /* MeuDeputadoTests */ = {
			isa = PBXGroup;
			children = (
				526A0E4E20C340EE002FDC83 /* Info.plist */,
			);
			path = MeuDeputadoTests;
			sourceTree = "<group>";
		};
		527EE65E2336646D00847061 /* Extensions */ = {
			isa = PBXGroup;
			children = (
				5269BF46252112A200E5119F /* MeuDeputado+Tokens.swift */,
				52316E18254C84870098514C /* MeuDeputado+ObservableType.swift */,
				52366114253C95A800BAF427 /* MeuDeputado+UIView.swift */,
				52316E1A254C9CB70098514C /* MeuDeputado+UIViewController.swift */,
				52865D2A254DF42A006BD243 /* MeuDeputado+UIFont.swift */,
				52865D2C254DF453006BD243 /* MeuDeputado+UIColor.swift */,
			);
			path = Extensions;
			sourceTree = "<group>";
		};
		52865D2E254E1CD3006BD243 /* ViewControllers */ = {
			isa = PBXGroup;
			children = (
				526A0E3920C340EC002FDC83 /* MainContainerViewController.swift */,
				52316E0F254C73A20098514C /* MainContentViewController.swift */,
			);
			path = ViewControllers;
			sourceTree = "<group>";
		};
		52865D2F254E1CEC006BD243 /* Coordinators */ = {
			isa = PBXGroup;
			children = (
				525704622520F47900FF61A1 /* MainCoordinator.swift */,
				525704642520F4A900FF61A1 /* MainCoordinatorTests.swift */,
			);
			path = Coordinators;
			sourceTree = "<group>";
		};
		52A3EB8020C604C100A7F16F /* Resources */ = {
			isa = PBXGroup;
			children = (
				52366122253CF7F400BAF427 /* LaunchScreen.storyboard */,
				526A0E4320C340EE002FDC83 /* Info.plist */,
				5236611C253CABB100BAF427 /* Localizable.strings */,
				526A0E3E20C340EE002FDC83 /* Assets.xcassets */,
			);
			path = Resources;
			sourceTree = "<group>";
		};
		52D2DC41252BF68300E51A4F /* ViewModels */ = {
			isa = PBXGroup;
			children = (
				52D2DC3D252BF03D00E51A4F /* MainContainerViewModel.swift */,
				52316E11254C73B30098514C /* MainContentViewModel.swift */,
				52865D24254DB5B0006BD243 /* MainContentTableViewCellModel.swift */,
				5266F687254737CD00DE46C1 /* SwitchOptionViewModel.swift */,
			);
			path = ViewModels;
			sourceTree = "<group>";
		};
		5B079D3CD22FEFB63758912F /* Pods */ = {
			isa = PBXGroup;
			children = (
				151FD45A5030B5B86993BFF0 /* Pods-MeuDeputado.debug.xcconfig */,
				7071503535EDAE58E1E8B6FA /* Pods-MeuDeputado.release.xcconfig */,
				428691E49554BFB27B8C90BB /* Pods-MeuDeputadoTests.debug.xcconfig */,
				F6A592047ED9EB9DA9C378BE /* Pods-MeuDeputadoTests.release.xcconfig */,
				76B25A478D5A6605A7990DE6 /* Pods-MeuDeputado-MeuDeputadoTests.debug.xcconfig */,
				B28A11165A5E8B46F4EA366E /* Pods-MeuDeputado-MeuDeputadoTests.release.xcconfig */,
			);
			name = Pods;
			sourceTree = "<group>";
		};
		6EB8E06EB779C22F63B2AF0A /* Frameworks */ = {
			isa = PBXGroup;
			children = (
				24363270CB2E70C0334A9CF8 /* Pods_MeuDeputado.framework */,
				4C21DBB94654AA45619C6E65 /* Pods_MeuDeputado_MeuDeputadoTests.framework */,
			);
			name = Frameworks;
			sourceTree = "<group>";
		};
/* End PBXGroup section */

/* Begin PBXNativeTarget section */
		526A0E3320C340EC002FDC83 /* MeuDeputado */ = {
			isa = PBXNativeTarget;
			buildConfigurationList = 526A0E5120C340EE002FDC83 /* Build configuration list for PBXNativeTarget "MeuDeputado" */;
			buildPhases = (
				A0CD3688CFD2618D669D7880 /* [CP] Check Pods Manifest.lock */,
				526A0E3020C340EC002FDC83 /* Sources */,
				526A0E3120C340EC002FDC83 /* Frameworks */,
				526A0E3220C340EC002FDC83 /* Resources */,
				EDF383EC08B8B8EE398781D4 /* [CP] Embed Pods Frameworks */,
			);
			buildRules = (
			);
			dependencies = (
			);
			name = MeuDeputado;
			productName = MeuDeputado;
			productReference = 526A0E3420C340EC002FDC83 /* MeuDeputado.app */;
			productType = "com.apple.product-type.application";
		};
		526A0E4720C340EE002FDC83 /* MeuDeputadoTests */ = {
			isa = PBXNativeTarget;
			buildConfigurationList = 526A0E5420C340EE002FDC83 /* Build configuration list for PBXNativeTarget "MeuDeputadoTests" */;
			buildPhases = (
				654DE5C1E043512437C363DE /* [CP] Check Pods Manifest.lock */,
				526A0E4420C340EE002FDC83 /* Sources */,
				526A0E4520C340EE002FDC83 /* Frameworks */,
				526A0E4620C340EE002FDC83 /* Resources */,
				CE82FBD79468F7F59D7E69D6 /* [CP] Embed Pods Frameworks */,
			);
			buildRules = (
			);
			dependencies = (
				526A0E4A20C340EE002FDC83 /* PBXTargetDependency */,
			);
			name = MeuDeputadoTests;
			productName = MeuDeputadoTests;
			productReference = 526A0E4820C340EE002FDC83 /* MeuDeputadoTests.xctest */;
			productType = "com.apple.product-type.bundle.unit-test";
		};
/* End PBXNativeTarget section */

/* Begin PBXProject section */
		526A0E2C20C340EC002FDC83 /* Project object */ = {
			isa = PBXProject;
			attributes = {
				LastSwiftUpdateCheck = 0930;
				LastUpgradeCheck = 0930;
				ORGANIZATIONNAME = meudeputado;
				TargetAttributes = {
					526A0E3320C340EC002FDC83 = {
						CreatedOnToolsVersion = 9.3;
						LastSwiftMigration = 1030;
					};
					526A0E4720C340EE002FDC83 = {
						CreatedOnToolsVersion = 9.3;
						LastSwiftMigration = 1160;
						TestTargetID = 526A0E3320C340EC002FDC83;
					};
				};
			};
			buildConfigurationList = 526A0E2F20C340EC002FDC83 /* Build configuration list for PBXProject "MeuDeputado" */;
			compatibilityVersion = "Xcode 9.3";
			developmentRegion = "pt-BR";
			hasScannedForEncodings = 0;
			knownRegions = (
				"pt-BR",
				Base,
			);
			mainGroup = 526A0E2B20C340EC002FDC83;
			productRefGroup = 526A0E3520C340EC002FDC83 /* Products */;
			projectDirPath = "";
			projectRoot = "";
			targets = (
				526A0E3320C340EC002FDC83 /* MeuDeputado */,
				526A0E4720C340EE002FDC83 /* MeuDeputadoTests */,
			);
		};
/* End PBXProject section */

/* Begin PBXResourcesBuildPhase section */
		526A0E3220C340EC002FDC83 /* Resources */ = {
			isa = PBXResourcesBuildPhase;
			buildActionMask = 2147483647;
			files = (
				52366124253CF7F400BAF427 /* LaunchScreen.storyboard in Resources */,
				5236611E253CABB100BAF427 /* Localizable.strings in Resources */,
				526A0E3F20C340EE002FDC83 /* Assets.xcassets in Resources */,
			);
			runOnlyForDeploymentPostprocessing = 0;
		};
		526A0E4620C340EE002FDC83 /* Resources */ = {
			isa = PBXResourcesBuildPhase;
			buildActionMask = 2147483647;
			files = (
			);
			runOnlyForDeploymentPostprocessing = 0;
		};
/* End PBXResourcesBuildPhase section */

/* Begin PBXShellScriptBuildPhase section */
		654DE5C1E043512437C363DE /* [CP] Check Pods Manifest.lock */ = {
			isa = PBXShellScriptBuildPhase;
			buildActionMask = 2147483647;
			files = (
			);
			inputPaths = (
				"${PODS_PODFILE_DIR_PATH}/Podfile.lock",
				"${PODS_ROOT}/Manifest.lock",
			);
			name = "[CP] Check Pods Manifest.lock";
			outputPaths = (
				"$(DERIVED_FILE_DIR)/Pods-MeuDeputado-MeuDeputadoTests-checkManifestLockResult.txt",
			);
			runOnlyForDeploymentPostprocessing = 0;
			shellPath = /bin/sh;
			shellScript = "diff \"${PODS_PODFILE_DIR_PATH}/Podfile.lock\" \"${PODS_ROOT}/Manifest.lock\" > /dev/null\nif [ $? != 0 ] ; then\n    # print error to STDERR\n    echo \"error: The sandbox is not in sync with the Podfile.lock. Run 'pod install' or update your CocoaPods installation.\" >&2\n    exit 1\nfi\n# This output is used by Xcode 'outputs' to avoid re-running this script phase.\necho \"SUCCESS\" > \"${SCRIPT_OUTPUT_FILE_0}\"\n";
			showEnvVarsInLog = 0;
		};
		A0CD3688CFD2618D669D7880 /* [CP] Check Pods Manifest.lock */ = {
			isa = PBXShellScriptBuildPhase;
			buildActionMask = 2147483647;
			files = (
			);
			inputPaths = (
				"${PODS_PODFILE_DIR_PATH}/Podfile.lock",
				"${PODS_ROOT}/Manifest.lock",
			);
			name = "[CP] Check Pods Manifest.lock";
			outputPaths = (
				"$(DERIVED_FILE_DIR)/Pods-MeuDeputado-checkManifestLockResult.txt",
			);
			runOnlyForDeploymentPostprocessing = 0;
			shellPath = /bin/sh;
			shellScript = "diff \"${PODS_PODFILE_DIR_PATH}/Podfile.lock\" \"${PODS_ROOT}/Manifest.lock\" > /dev/null\nif [ $? != 0 ] ; then\n    # print error to STDERR\n    echo \"error: The sandbox is not in sync with the Podfile.lock. Run 'pod install' or update your CocoaPods installation.\" >&2\n    exit 1\nfi\n# This output is used by Xcode 'outputs' to avoid re-running this script phase.\necho \"SUCCESS\" > \"${SCRIPT_OUTPUT_FILE_0}\"\n";
			showEnvVarsInLog = 0;
		};
		CE82FBD79468F7F59D7E69D6 /* [CP] Embed Pods Frameworks */ = {
			isa = PBXShellScriptBuildPhase;
			buildActionMask = 2147483647;
			files = (
			);
			inputFileListPaths = (
				"${PODS_ROOT}/Target Support Files/Pods-MeuDeputado-MeuDeputadoTests/Pods-MeuDeputado-MeuDeputadoTests-frameworks-${CONFIGURATION}-input-files.xcfilelist",
			);
			name = "[CP] Embed Pods Frameworks";
			outputFileListPaths = (
				"${PODS_ROOT}/Target Support Files/Pods-MeuDeputado-MeuDeputadoTests/Pods-MeuDeputado-MeuDeputadoTests-frameworks-${CONFIGURATION}-output-files.xcfilelist",
			);
			runOnlyForDeploymentPostprocessing = 0;
			shellPath = /bin/sh;
			shellScript = "\"${PODS_ROOT}/Target Support Files/Pods-MeuDeputado-MeuDeputadoTests/Pods-MeuDeputado-MeuDeputadoTests-frameworks.sh\"\n";
			showEnvVarsInLog = 0;
		};
		EDF383EC08B8B8EE398781D4 /* [CP] Embed Pods Frameworks */ = {
			isa = PBXShellScriptBuildPhase;
			buildActionMask = 2147483647;
			files = (
			);
			inputFileListPaths = (
				"${PODS_ROOT}/Target Support Files/Pods-MeuDeputado/Pods-MeuDeputado-frameworks-${CONFIGURATION}-input-files.xcfilelist",
			);
			name = "[CP] Embed Pods Frameworks";
			outputFileListPaths = (
				"${PODS_ROOT}/Target Support Files/Pods-MeuDeputado/Pods-MeuDeputado-frameworks-${CONFIGURATION}-output-files.xcfilelist",
			);
			runOnlyForDeploymentPostprocessing = 0;
			shellPath = /bin/sh;
			shellScript = "\"${PODS_ROOT}/Target Support Files/Pods-MeuDeputado/Pods-MeuDeputado-frameworks.sh\"\n";
			showEnvVarsInLog = 0;
		};
/* End PBXShellScriptBuildPhase section */

/* Begin PBXSourcesBuildPhase section */
		526A0E3020C340EC002FDC83 /* Sources */ = {
			isa = PBXSourcesBuildPhase;
			buildActionMask = 2147483647;
			files = (
				52865D39254E2F23006BD243 /* ImageFetchable.swift in Sources */,
				52865D10254CA830006BD243 /* Party.swift in Sources */,
				5266F6A5254A0D8F00DE46C1 /* Queries.swift in Sources */,
				52865D3D254E31EC006BD243 /* OperationScheduable.swift in Sources */,
				52865D29254DDDF9006BD243 /* ExpenseType.swift in Sources */,
				52865D12254CACAD006BD243 /* LoaderView.swift in Sources */,
				525704602520F3FD00FF61A1 /* Coordinatable.swift in Sources */,
				5266F68A2547B2CD00DE46C1 /* Fetchable.swift in Sources */,
				52D2DC3E252BF03D00E51A4F /* MainContainerViewModel.swift in Sources */,
				52865D3B254E2F51006BD243 /* ImageRepository.swift in Sources */,
				525704632520F47900FF61A1 /* MainCoordinator.swift in Sources */,
				52865D25254DB5B0006BD243 /* MainContentTableViewCellModel.swift in Sources */,
				52316E1B254C9CB70098514C /* MeuDeputado+UIViewController.swift in Sources */,
				52865D1A254CF90A006BD243 /* ViewsPresentable.swift in Sources */,
				527EBA2D254E462100423A07 /* Endpoints.swift in Sources */,
				52865D1C254CFA7F006BD243 /* ErrorView.swift in Sources */,
				52865D32254E236B006BD243 /* ImageCacheType.swift in Sources */,
				5266F691254843CA00DE46C1 /* Finder.swift in Sources */,
				52366115253C95A800BAF427 /* MeuDeputado+UIView.swift in Sources */,
				5269BF47252112A200E5119F /* MeuDeputado+Tokens.swift in Sources */,
				527EE664233668BD00847061 /* Stylable.swift in Sources */,
				52865D40254E3221006BD243 /* RepositoryOperation.swift in Sources */,
				52865D2B254DF42A006BD243 /* MeuDeputado+UIFont.swift in Sources */,
				52316E19254C84870098514C /* MeuDeputado+ObservableType.swift in Sources */,
				5257046B25210B4E00FF61A1 /* SwitchOptionView.swift in Sources */,
				52865D2D254DF453006BD243 /* MeuDeputado+UIColor.swift in Sources */,
				52865D27254DDD39006BD243 /* PartyExpenses.swift in Sources */,
				52D2DC40252BF09D00E51A4F /* ViewModelType.swift in Sources */,
				52316E10254C73A20098514C /* MainContentViewController.swift in Sources */,
				526A0E3A20C340EC002FDC83 /* MainContainerViewController.swift in Sources */,
				524EEF342505236C0012CC5E /* main.swift in Sources */,
				5266F688254737CD00DE46C1 /* SwitchOptionViewModel.swift in Sources */,
				52865D1E254D15D6006BD243 /* ErrorTracker.swift in Sources */,
				52865D23254DB59B006BD243 /* MainContenTableViewCell.swift in Sources */,
				52865D34254E2404006BD243 /* ImageCache.swift in Sources */,
				52316E0B254B5AC20098514C /* ActivityIndicator.swift in Sources */,
				52316E12254C73B30098514C /* MainContentViewModel.swift in Sources */,
				526A0E3820C340EC002FDC83 /* AppDelegate.swift in Sources */,
				525A996825065B59003AA67C /* Deputy.swift in Sources */,
				52865D21254DA2BE006BD243 /* MainContentView.swift in Sources */,
			);
			runOnlyForDeploymentPostprocessing = 0;
		};
		526A0E4420C340EE002FDC83 /* Sources */ = {
			isa = PBXSourcesBuildPhase;
			buildActionMask = 2147483647;
			files = (
				524EEF39250582900012CC5E /* ParseAppDelegateTests.swift in Sources */,
				524EEF37250523F70012CC5E /* TestShortcut.swift in Sources */,
				525A996A2506CF71003AA67C /* DeputyTests.swift in Sources */,
				525A99652505BB03003AA67C /* AppDelegateTests.swift in Sources */,
				52865D37254E27C9006BD243 /* MainCoordinatorTests.swift in Sources */,
			);
			runOnlyForDeploymentPostprocessing = 0;
		};
/* End PBXSourcesBuildPhase section */

/* Begin PBXTargetDependency section */
		526A0E4A20C340EE002FDC83 /* PBXTargetDependency */ = {
			isa = PBXTargetDependency;
			target = 526A0E3320C340EC002FDC83 /* MeuDeputado */;
			targetProxy = 526A0E4920C340EE002FDC83 /* PBXContainerItemProxy */;
		};
/* End PBXTargetDependency section */

/* Begin PBXVariantGroup section */
		5236611C253CABB100BAF427 /* Localizable.strings */ = {
			isa = PBXVariantGroup;
			children = (
				5236611D253CABB100BAF427 /* Base */,
			);
			name = Localizable.strings;
			sourceTree = "<group>";
		};
		52366122253CF7F400BAF427 /* LaunchScreen.storyboard */ = {
			isa = PBXVariantGroup;
			children = (
				52366123253CF7F400BAF427 /* Base */,
			);
			name = LaunchScreen.storyboard;
			sourceTree = "<group>";
		};
/* End PBXVariantGroup section */

/* Begin XCBuildConfiguration section */
		526A0E4F20C340EE002FDC83 /* Debug */ = {
			isa = XCBuildConfiguration;
			buildSettings = {
				ALWAYS_SEARCH_USER_PATHS = NO;
				CLANG_ANALYZER_LOCALIZABILITY_NONLOCALIZED = YES;
				CLANG_ANALYZER_NONNULL = YES;
				CLANG_ANALYZER_NUMBER_OBJECT_CONVERSION = YES_AGGRESSIVE;
				CLANG_CXX_LANGUAGE_STANDARD = "gnu++14";
				CLANG_CXX_LIBRARY = "libc++";
				CLANG_ENABLE_MODULES = YES;
				CLANG_ENABLE_OBJC_ARC = YES;
				CLANG_ENABLE_OBJC_WEAK = YES;
				CLANG_WARN_BLOCK_CAPTURE_AUTORELEASING = YES;
				CLANG_WARN_BOOL_CONVERSION = YES;
				CLANG_WARN_COMMA = YES;
				CLANG_WARN_CONSTANT_CONVERSION = YES;
				CLANG_WARN_DEPRECATED_OBJC_IMPLEMENTATIONS = YES;
				CLANG_WARN_DIRECT_OBJC_ISA_USAGE = YES_ERROR;
				CLANG_WARN_DOCUMENTATION_COMMENTS = YES;
				CLANG_WARN_EMPTY_BODY = YES;
				CLANG_WARN_ENUM_CONVERSION = YES;
				CLANG_WARN_INFINITE_RECURSION = YES;
				CLANG_WARN_INT_CONVERSION = YES;
				CLANG_WARN_NON_LITERAL_NULL_CONVERSION = YES;
				CLANG_WARN_OBJC_IMPLICIT_RETAIN_SELF = YES;
				CLANG_WARN_OBJC_LITERAL_CONVERSION = YES;
				CLANG_WARN_OBJC_ROOT_CLASS = YES_ERROR;
				CLANG_WARN_RANGE_LOOP_ANALYSIS = YES;
				CLANG_WARN_STRICT_PROTOTYPES = YES;
				CLANG_WARN_SUSPICIOUS_MOVE = YES;
				CLANG_WARN_UNGUARDED_AVAILABILITY = YES_AGGRESSIVE;
				CLANG_WARN_UNREACHABLE_CODE = YES;
				CLANG_WARN__DUPLICATE_METHOD_MATCH = YES;
				CODE_SIGN_IDENTITY = "iPhone Developer";
				COPY_PHASE_STRIP = NO;
				DEBUG_INFORMATION_FORMAT = dwarf;
				ENABLE_STRICT_OBJC_MSGSEND = YES;
				ENABLE_TESTABILITY = YES;
				GCC_C_LANGUAGE_STANDARD = gnu11;
				GCC_DYNAMIC_NO_PIC = NO;
				GCC_NO_COMMON_BLOCKS = YES;
				GCC_OPTIMIZATION_LEVEL = 0;
				GCC_PREPROCESSOR_DEFINITIONS = (
					"DEBUG=1",
					"$(inherited)",
				);
				GCC_WARN_64_TO_32_BIT_CONVERSION = YES;
				GCC_WARN_ABOUT_RETURN_TYPE = YES_ERROR;
				GCC_WARN_UNDECLARED_SELECTOR = YES;
				GCC_WARN_UNINITIALIZED_AUTOS = YES_AGGRESSIVE;
				GCC_WARN_UNUSED_FUNCTION = YES;
				GCC_WARN_UNUSED_VARIABLE = YES;
				IPHONEOS_DEPLOYMENT_TARGET = 12.4;
				MTL_ENABLE_DEBUG_INFO = YES;
				ONLY_ACTIVE_ARCH = YES;
				SDKROOT = iphoneos;
				SWIFT_ACTIVE_COMPILATION_CONDITIONS = DEBUG;
				SWIFT_OPTIMIZATION_LEVEL = "-Onone";
			};
			name = Debug;
		};
		526A0E5020C340EE002FDC83 /* Release */ = {
			isa = XCBuildConfiguration;
			buildSettings = {
				ALWAYS_SEARCH_USER_PATHS = NO;
				CLANG_ANALYZER_LOCALIZABILITY_NONLOCALIZED = YES;
				CLANG_ANALYZER_NONNULL = YES;
				CLANG_ANALYZER_NUMBER_OBJECT_CONVERSION = YES_AGGRESSIVE;
				CLANG_CXX_LANGUAGE_STANDARD = "gnu++14";
				CLANG_CXX_LIBRARY = "libc++";
				CLANG_ENABLE_MODULES = YES;
				CLANG_ENABLE_OBJC_ARC = YES;
				CLANG_ENABLE_OBJC_WEAK = YES;
				CLANG_WARN_BLOCK_CAPTURE_AUTORELEASING = YES;
				CLANG_WARN_BOOL_CONVERSION = YES;
				CLANG_WARN_COMMA = YES;
				CLANG_WARN_CONSTANT_CONVERSION = YES;
				CLANG_WARN_DEPRECATED_OBJC_IMPLEMENTATIONS = YES;
				CLANG_WARN_DIRECT_OBJC_ISA_USAGE = YES_ERROR;
				CLANG_WARN_DOCUMENTATION_COMMENTS = YES;
				CLANG_WARN_EMPTY_BODY = YES;
				CLANG_WARN_ENUM_CONVERSION = YES;
				CLANG_WARN_INFINITE_RECURSION = YES;
				CLANG_WARN_INT_CONVERSION = YES;
				CLANG_WARN_NON_LITERAL_NULL_CONVERSION = YES;
				CLANG_WARN_OBJC_IMPLICIT_RETAIN_SELF = YES;
				CLANG_WARN_OBJC_LITERAL_CONVERSION = YES;
				CLANG_WARN_OBJC_ROOT_CLASS = YES_ERROR;
				CLANG_WARN_RANGE_LOOP_ANALYSIS = YES;
				CLANG_WARN_STRICT_PROTOTYPES = YES;
				CLANG_WARN_SUSPICIOUS_MOVE = YES;
				CLANG_WARN_UNGUARDED_AVAILABILITY = YES_AGGRESSIVE;
				CLANG_WARN_UNREACHABLE_CODE = YES;
				CLANG_WARN__DUPLICATE_METHOD_MATCH = YES;
				CODE_SIGN_IDENTITY = "iPhone Developer";
				COPY_PHASE_STRIP = NO;
				DEBUG_INFORMATION_FORMAT = "dwarf-with-dsym";
				ENABLE_NS_ASSERTIONS = NO;
				ENABLE_STRICT_OBJC_MSGSEND = YES;
				GCC_C_LANGUAGE_STANDARD = gnu11;
				GCC_NO_COMMON_BLOCKS = YES;
				GCC_WARN_64_TO_32_BIT_CONVERSION = YES;
				GCC_WARN_ABOUT_RETURN_TYPE = YES_ERROR;
				GCC_WARN_UNDECLARED_SELECTOR = YES;
				GCC_WARN_UNINITIALIZED_AUTOS = YES_AGGRESSIVE;
				GCC_WARN_UNUSED_FUNCTION = YES;
				GCC_WARN_UNUSED_VARIABLE = YES;
				IPHONEOS_DEPLOYMENT_TARGET = 12.4;
				MTL_ENABLE_DEBUG_INFO = NO;
				SDKROOT = iphoneos;
				SWIFT_COMPILATION_MODE = wholemodule;
				SWIFT_OPTIMIZATION_LEVEL = "-O";
				VALIDATE_PRODUCT = YES;
			};
			name = Release;
		};
		526A0E5220C340EE002FDC83 /* Debug */ = {
			isa = XCBuildConfiguration;
			baseConfigurationReference = 151FD45A5030B5B86993BFF0 /* Pods-MeuDeputado.debug.xcconfig */;
			buildSettings = {
				ASSETCATALOG_COMPILER_APPICON_NAME = AppIcon;
				CODE_SIGN_STYLE = Automatic;
				DEVELOPMENT_TEAM = ESBBYHNATR;
				INFOPLIST_FILE = MeuDeputado/Resources/Info.plist;
				IPHONEOS_DEPLOYMENT_TARGET = 12.4;
				LD_RUNPATH_SEARCH_PATHS = (
					"$(inherited)",
					"@executable_path/Frameworks",
				);
				PRODUCT_BUNDLE_IDENTIFIER = com.MeuDeputado;
				PRODUCT_NAME = "$(TARGET_NAME)";
				SWIFT_VERSION = 5.0;
				TARGETED_DEVICE_FAMILY = 1;
			};
			name = Debug;
		};
		526A0E5320C340EE002FDC83 /* Release */ = {
			isa = XCBuildConfiguration;
			baseConfigurationReference = 7071503535EDAE58E1E8B6FA /* Pods-MeuDeputado.release.xcconfig */;
			buildSettings = {
				ASSETCATALOG_COMPILER_APPICON_NAME = AppIcon;
				CODE_SIGN_STYLE = Automatic;
				DEVELOPMENT_TEAM = ESBBYHNATR;
				INFOPLIST_FILE = MeuDeputado/Resources/Info.plist;
				IPHONEOS_DEPLOYMENT_TARGET = 12.4;
				LD_RUNPATH_SEARCH_PATHS = (
					"$(inherited)",
					"@executable_path/Frameworks",
				);
				PRODUCT_BUNDLE_IDENTIFIER = com.MeuDeputado;
				PRODUCT_NAME = "$(TARGET_NAME)";
				SWIFT_VERSION = 5.0;
				TARGETED_DEVICE_FAMILY = 1;
			};
			name = Release;
		};
		526A0E5520C340EE002FDC83 /* Debug */ = {
			isa = XCBuildConfiguration;
			baseConfigurationReference = 76B25A478D5A6605A7990DE6 /* Pods-MeuDeputado-MeuDeputadoTests.debug.xcconfig */;
			buildSettings = {
				BUNDLE_LOADER = "$(TEST_HOST)";
				CLANG_ENABLE_MODULES = YES;
				CODE_SIGN_STYLE = Automatic;
				DEVELOPMENT_TEAM = ESBBYHNATR;
				INFOPLIST_FILE = MeuDeputadoTests/Info.plist;
				LD_RUNPATH_SEARCH_PATHS = (
					"$(inherited)",
					"@executable_path/Frameworks",
					"@loader_path/Frameworks",
				);
				PRODUCT_BUNDLE_IDENTIFIER = com.MeuDeputadoTests;
				PRODUCT_NAME = "$(TARGET_NAME)";
				SWIFT_INSTALL_OBJC_HEADER = YES;
				SWIFT_OBJC_BRIDGING_HEADER = "";
				SWIFT_OPTIMIZATION_LEVEL = "-Onone";
				SWIFT_PRECOMPILE_BRIDGING_HEADER = YES;
				SWIFT_VERSION = 5.0;
				TARGETED_DEVICE_FAMILY = "1,2";
				TEST_HOST = "$(BUILT_PRODUCTS_DIR)/MeuDeputado.app/MeuDeputado";
			};
			name = Debug;
		};
		526A0E5620C340EE002FDC83 /* Release */ = {
			isa = XCBuildConfiguration;
			baseConfigurationReference = B28A11165A5E8B46F4EA366E /* Pods-MeuDeputado-MeuDeputadoTests.release.xcconfig */;
			buildSettings = {
				BUNDLE_LOADER = "$(TEST_HOST)";
				CLANG_ENABLE_MODULES = YES;
				CODE_SIGN_STYLE = Automatic;
				DEVELOPMENT_TEAM = ESBBYHNATR;
				INFOPLIST_FILE = MeuDeputadoTests/Info.plist;
				LD_RUNPATH_SEARCH_PATHS = (
					"$(inherited)",
					"@executable_path/Frameworks",
					"@loader_path/Frameworks",
				);
				PRODUCT_BUNDLE_IDENTIFIER = com.MeuDeputadoTests;
				PRODUCT_NAME = "$(TARGET_NAME)";
				SWIFT_INSTALL_OBJC_HEADER = YES;
				SWIFT_OBJC_BRIDGING_HEADER = "";
				SWIFT_PRECOMPILE_BRIDGING_HEADER = YES;
				SWIFT_VERSION = 5.0;
				TARGETED_DEVICE_FAMILY = "1,2";
				TEST_HOST = "$(BUILT_PRODUCTS_DIR)/MeuDeputado.app/MeuDeputado";
			};
			name = Release;
		};
/* End XCBuildConfiguration section */

/* Begin XCConfigurationList section */
		526A0E2F20C340EC002FDC83 /* Build configuration list for PBXProject "MeuDeputado" */ = {
			isa = XCConfigurationList;
			buildConfigurations = (
				526A0E4F20C340EE002FDC83 /* Debug */,
				526A0E5020C340EE002FDC83 /* Release */,
			);
			defaultConfigurationIsVisible = 0;
			defaultConfigurationName = Release;
		};
		526A0E5120C340EE002FDC83 /* Build configuration list for PBXNativeTarget "MeuDeputado" */ = {
			isa = XCConfigurationList;
			buildConfigurations = (
				526A0E5220C340EE002FDC83 /* Debug */,
				526A0E5320C340EE002FDC83 /* Release */,
			);
			defaultConfigurationIsVisible = 0;
			defaultConfigurationName = Release;
		};
		526A0E5420C340EE002FDC83 /* Build configuration list for PBXNativeTarget "MeuDeputadoTests" */ = {
			isa = XCConfigurationList;
			buildConfigurations = (
				526A0E5520C340EE002FDC83 /* Debug */,
				526A0E5620C340EE002FDC83 /* Release */,
			);
			defaultConfigurationIsVisible = 0;
			defaultConfigurationName = Release;
		};
/* End XCConfigurationList section */
	};
	rootObject = 526A0E2C20C340EC002FDC83 /* Project object */;
}
